// !$*UTF8*$!
{
	archiveVersion = 1;
	classes = {
	};
	objectVersion = 52;
	objects = {

/* Begin PBXBuildFile section */
		C5089CE0252FFD3D0074BE52 /* RxSwift in Frameworks */ = {isa = PBXBuildFile; productRef = C5089CDF252FFD3D0074BE52 /* RxSwift */; };
		C5089CE2252FFD3D0074BE52 /* RxCocoa in Frameworks */ = {isa = PBXBuildFile; productRef = C5089CE1252FFD3D0074BE52 /* RxCocoa */; };
		C5089CE4252FFD3D0074BE52 /* RxRelay in Frameworks */ = {isa = PBXBuildFile; productRef = C5089CE3252FFD3D0074BE52 /* RxRelay */; };
		C5089D0125300C0E0074BE52 /* Swinject in Frameworks */ = {isa = PBXBuildFile; productRef = C5089D0025300C0E0074BE52 /* Swinject */; };
		C5089D29253021560074BE52 /* Game.swift in Sources */ = {isa = PBXBuildFile; fileRef = C5089D28253021560074BE52 /* Game.swift */; };
		C5089D5F25303D6B0074BE52 /* WordPair.swift in Sources */ = {isa = PBXBuildFile; fileRef = C5089D5E25303D6B0074BE52 /* WordPair.swift */; };
		C51511492530D32200FAC967 /* Localizable.strings in Resources */ = {isa = PBXBuildFile; fileRef = C51511482530D32200FAC967 /* Localizable.strings */; };
		C515114E2530D67D00FAC967 /* L10n.swift in Sources */ = {isa = PBXBuildFile; fileRef = C515114D2530D67D00FAC967 /* L10n.swift */; };
		C51863022530EB82001DA3A0 /* SwiftyMocky in Frameworks */ = {isa = PBXBuildFile; productRef = C51863012530EB82001DA3A0 /* SwiftyMocky */; };
		C51863072530EBA1001DA3A0 /* Mock.generated.swift in Sources */ = {isa = PBXBuildFile; fileRef = C51863062530EBA1001DA3A0 /* Mock.generated.swift */; };
		C518632C2530EE05001DA3A0 /* PlayGameViewModelTests.swift in Sources */ = {isa = PBXBuildFile; fileRef = C518632B2530EE05001DA3A0 /* PlayGameViewModelTests.swift */; };
		C5336B3725307501001CE8C6 /* ActionButton.swift in Sources */ = {isa = PBXBuildFile; fileRef = C5336B3625307501001CE8C6 /* ActionButton.swift */; };
		C5336B3F2530807D001CE8C6 /* AppManager.swift in Sources */ = {isa = PBXBuildFile; fileRef = C5336B3E2530807D001CE8C6 /* AppManager.swift */; };
		C5336B45253080E1001CE8C6 /* AppAssembly.swift in Sources */ = {isa = PBXBuildFile; fileRef = C5336B44253080E1001CE8C6 /* AppAssembly.swift */; };
		C5336B4B2530BC49001CE8C6 /* ViewControllerType.swift in Sources */ = {isa = PBXBuildFile; fileRef = C5336B4A2530BC49001CE8C6 /* ViewControllerType.swift */; };
		C5336B502530BD30001CE8C6 /* BaseRouterType.swift in Sources */ = {isa = PBXBuildFile; fileRef = C5336B4F2530BD30001CE8C6 /* BaseRouterType.swift */; };
		C5336B552530BD96001CE8C6 /* AppRouter.swift in Sources */ = {isa = PBXBuildFile; fileRef = C5336B542530BD96001CE8C6 /* AppRouter.swift */; };
		C594D37525318C4C00D4D873 /* WordsProviderTests.swift in Sources */ = {isa = PBXBuildFile; fileRef = C594D37425318C4C00D4D873 /* WordsProviderTests.swift */; };
		C594D3792531912900D4D873 /* GameTests.swift in Sources */ = {isa = PBXBuildFile; fileRef = C594D3782531912900D4D873 /* GameTests.swift */; };
		C5EAA1EC2531805400FEE1F1 /* WordsProvider.swift in Sources */ = {isa = PBXBuildFile; fileRef = C5EAA1EA2531805300FEE1F1 /* WordsProvider.swift */; };
		C5EAA1ED2531805400FEE1F1 /* WordsLoader.swift in Sources */ = {isa = PBXBuildFile; fileRef = C5EAA1EB2531805400FEE1F1 /* WordsLoader.swift */; };
		C5EAA1F32531805E00FEE1F1 /* Word.swift in Sources */ = {isa = PBXBuildFile; fileRef = C5EAA1F22531805E00FEE1F1 /* Word.swift */; };
		C5EAA1F82531806900FEE1F1 /* AppDelegate.swift in Sources */ = {isa = PBXBuildFile; fileRef = C5EAA1F62531806800FEE1F1 /* AppDelegate.swift */; };
		C5EAA1F92531806900FEE1F1 /* SceneDelegate.swift in Sources */ = {isa = PBXBuildFile; fileRef = C5EAA1F72531806800FEE1F1 /* SceneDelegate.swift */; };
		C5EAA1FE2531807700FEE1F1 /* Assets.xcassets in Resources */ = {isa = PBXBuildFile; fileRef = C5EAA1FC2531807700FEE1F1 /* Assets.xcassets */; };
		C5EAA1FF2531807700FEE1F1 /* words.json in Resources */ = {isa = PBXBuildFile; fileRef = C5EAA1FD2531807700FEE1F1 /* words.json */; };
		C5EAA2062531808C00FEE1F1 /* PlayGameViewModel.swift in Sources */ = {isa = PBXBuildFile; fileRef = C5EAA2022531808C00FEE1F1 /* PlayGameViewModel.swift */; };
		C5EAA2072531808C00FEE1F1 /* PlayGameViewController.swift in Sources */ = {isa = PBXBuildFile; fileRef = C5EAA2032531808C00FEE1F1 /* PlayGameViewController.swift */; };
		C5EAA2082531808C00FEE1F1 /* LaunchScreen.storyboard in Resources */ = {isa = PBXBuildFile; fileRef = C5EAA2042531808C00FEE1F1 /* LaunchScreen.storyboard */; };
		C5EAA2092531808C00FEE1F1 /* WordGame.storyboard in Resources */ = {isa = PBXBuildFile; fileRef = C5EAA2052531808C00FEE1F1 /* WordGame.storyboard */; };
/* End PBXBuildFile section */

/* Begin PBXContainerItemProxy section */
		C5089CBF252FFCA90074BE52 /* PBXContainerItemProxy */ = {
			isa = PBXContainerItemProxy;
			containerPortal = C5089CA0252FFCA50074BE52 /* Project object */;
			proxyType = 1;
			remoteGlobalIDString = C5089CA7252FFCA50074BE52;
			remoteInfo = WordGame;
		};
/* End PBXContainerItemProxy section */

/* Begin PBXFileReference section */
		C5089CA8252FFCA50074BE52 /* WordGame.app */ = {isa = PBXFileReference; explicitFileType = wrapper.application; includeInIndex = 0; path = WordGame.app; sourceTree = BUILT_PRODUCTS_DIR; };
		C5089CB9252FFCA90074BE52 /* Info.plist */ = {isa = PBXFileReference; lastKnownFileType = text.plist.xml; path = Info.plist; sourceTree = "<group>"; };
		C5089CBE252FFCA90074BE52 /* WordGameTests.xctest */ = {isa = PBXFileReference; explicitFileType = wrapper.cfbundle; includeInIndex = 0; path = WordGameTests.xctest; sourceTree = BUILT_PRODUCTS_DIR; };
		C5089CC4252FFCA90074BE52 /* Info.plist */ = {isa = PBXFileReference; lastKnownFileType = text.plist.xml; path = Info.plist; sourceTree = "<group>"; };
		C5089D28253021560074BE52 /* Game.swift */ = {isa = PBXFileReference; lastKnownFileType = sourcecode.swift; path = Game.swift; sourceTree = "<group>"; };
		C5089D5E25303D6B0074BE52 /* WordPair.swift */ = {isa = PBXFileReference; lastKnownFileType = sourcecode.swift; path = WordPair.swift; sourceTree = "<group>"; };
		C51511482530D32200FAC967 /* Localizable.strings */ = {isa = PBXFileReference; lastKnownFileType = text.plist.strings; path = Localizable.strings; sourceTree = "<group>"; };
		C515114D2530D67D00FAC967 /* L10n.swift */ = {isa = PBXFileReference; fileEncoding = 4; lastKnownFileType = sourcecode.swift; path = L10n.swift; sourceTree = "<group>"; };
		C51511722530E71300FAC967 /* XCTest.framework */ = {isa = PBXFileReference; lastKnownFileType = wrapper.framework; name = XCTest.framework; path = Platforms/iPhoneOS.platform/Developer/Library/Frameworks/XCTest.framework; sourceTree = DEVELOPER_DIR; };
		C51863062530EBA1001DA3A0 /* Mock.generated.swift */ = {isa = PBXFileReference; fileEncoding = 4; lastKnownFileType = sourcecode.swift; path = Mock.generated.swift; sourceTree = "<group>"; };
		C518632B2530EE05001DA3A0 /* PlayGameViewModelTests.swift */ = {isa = PBXFileReference; lastKnownFileType = sourcecode.swift; path = PlayGameViewModelTests.swift; sourceTree = "<group>"; };
		C5336B3625307501001CE8C6 /* ActionButton.swift */ = {isa = PBXFileReference; lastKnownFileType = sourcecode.swift; path = ActionButton.swift; sourceTree = "<group>"; };
		C5336B3E2530807D001CE8C6 /* AppManager.swift */ = {isa = PBXFileReference; lastKnownFileType = sourcecode.swift; path = AppManager.swift; sourceTree = "<group>"; };
		C5336B44253080E1001CE8C6 /* AppAssembly.swift */ = {isa = PBXFileReference; lastKnownFileType = sourcecode.swift; path = AppAssembly.swift; sourceTree = "<group>"; };
		C5336B4A2530BC49001CE8C6 /* ViewControllerType.swift */ = {isa = PBXFileReference; lastKnownFileType = sourcecode.swift; path = ViewControllerType.swift; sourceTree = "<group>"; };
		C5336B4F2530BD30001CE8C6 /* BaseRouterType.swift */ = {isa = PBXFileReference; lastKnownFileType = sourcecode.swift; path = BaseRouterType.swift; sourceTree = "<group>"; };
		C5336B542530BD96001CE8C6 /* AppRouter.swift */ = {isa = PBXFileReference; lastKnownFileType = sourcecode.swift; path = AppRouter.swift; sourceTree = "<group>"; };
		C594D37425318C4C00D4D873 /* WordsProviderTests.swift */ = {isa = PBXFileReference; lastKnownFileType = sourcecode.swift; path = WordsProviderTests.swift; sourceTree = "<group>"; };
		C594D3782531912900D4D873 /* GameTests.swift */ = {isa = PBXFileReference; lastKnownFileType = sourcecode.swift; path = GameTests.swift; sourceTree = "<group>"; };
		C5EAA1EA2531805300FEE1F1 /* WordsProvider.swift */ = {isa = PBXFileReference; fileEncoding = 4; lastKnownFileType = sourcecode.swift; path = WordsProvider.swift; sourceTree = "<group>"; };
		C5EAA1EB2531805400FEE1F1 /* WordsLoader.swift */ = {isa = PBXFileReference; fileEncoding = 4; lastKnownFileType = sourcecode.swift; path = WordsLoader.swift; sourceTree = "<group>"; };
		C5EAA1F22531805E00FEE1F1 /* Word.swift */ = {isa = PBXFileReference; fileEncoding = 4; lastKnownFileType = sourcecode.swift; path = Word.swift; sourceTree = "<group>"; };
		C5EAA1F62531806800FEE1F1 /* AppDelegate.swift */ = {isa = PBXFileReference; fileEncoding = 4; lastKnownFileType = sourcecode.swift; path = AppDelegate.swift; sourceTree = "<group>"; };
		C5EAA1F72531806800FEE1F1 /* SceneDelegate.swift */ = {isa = PBXFileReference; fileEncoding = 4; lastKnownFileType = sourcecode.swift; path = SceneDelegate.swift; sourceTree = "<group>"; };
		C5EAA1FC2531807700FEE1F1 /* Assets.xcassets */ = {isa = PBXFileReference; lastKnownFileType = folder.assetcatalog; path = Assets.xcassets; sourceTree = "<group>"; };
		C5EAA1FD2531807700FEE1F1 /* words.json */ = {isa = PBXFileReference; fileEncoding = 4; lastKnownFileType = text.json; path = words.json; sourceTree = "<group>"; };
		C5EAA2022531808C00FEE1F1 /* PlayGameViewModel.swift */ = {isa = PBXFileReference; fileEncoding = 4; lastKnownFileType = sourcecode.swift; path = PlayGameViewModel.swift; sourceTree = "<group>"; };
		C5EAA2032531808C00FEE1F1 /* PlayGameViewController.swift */ = {isa = PBXFileReference; fileEncoding = 4; lastKnownFileType = sourcecode.swift; path = PlayGameViewController.swift; sourceTree = "<group>"; };
		C5EAA2042531808C00FEE1F1 /* LaunchScreen.storyboard */ = {isa = PBXFileReference; fileEncoding = 4; lastKnownFileType = file.storyboard; path = LaunchScreen.storyboard; sourceTree = "<group>"; };
		C5EAA2052531808C00FEE1F1 /* WordGame.storyboard */ = {isa = PBXFileReference; fileEncoding = 4; lastKnownFileType = file.storyboard; path = WordGame.storyboard; sourceTree = "<group>"; };
/* End PBXFileReference section */

/* Begin PBXFrameworksBuildPhase section */
		C5089CA5252FFCA50074BE52 /* Frameworks */ = {
			isa = PBXFrameworksBuildPhase;
			buildActionMask = 2147483647;
			files = (
				C5089CE4252FFD3D0074BE52 /* RxRelay in Frameworks */,
				C5089CE2252FFD3D0074BE52 /* RxCocoa in Frameworks */,
				C5089CE0252FFD3D0074BE52 /* RxSwift in Frameworks */,
				C5089D0125300C0E0074BE52 /* Swinject in Frameworks */,
			);
			runOnlyForDeploymentPostprocessing = 0;
		};
		C5089CBB252FFCA90074BE52 /* Frameworks */ = {
			isa = PBXFrameworksBuildPhase;
			buildActionMask = 2147483647;
			files = (
				C51863022530EB82001DA3A0 /* SwiftyMocky in Frameworks */,
			);
			runOnlyForDeploymentPostprocessing = 0;
		};
/* End PBXFrameworksBuildPhase section */

/* Begin PBXGroup section */
		C5089C9F252FFCA50074BE52 = {
			isa = PBXGroup;
			children = (
				C5089CAA252FFCA50074BE52 /* WordGame */,
				C5089CC1252FFCA90074BE52 /* WordGameTests */,
				C5089CA9252FFCA50074BE52 /* Products */,
				C515116A2530E6FA00FAC967 /* Frameworks */,
			);
			sourceTree = "<group>";
		};
		C5089CA9252FFCA50074BE52 /* Products */ = {
			isa = PBXGroup;
			children = (
				C5089CA8252FFCA50074BE52 /* WordGame.app */,
				C5089CBE252FFCA90074BE52 /* WordGameTests.xctest */,
			);
			name = Products;
			sourceTree = "<group>";
		};
		C5089CAA252FFCA50074BE52 /* WordGame */ = {
			isa = PBXGroup;
			children = (
				C5EAA2042531808C00FEE1F1 /* LaunchScreen.storyboard */,
				C5EAA2052531808C00FEE1F1 /* WordGame.storyboard */,
				C5EAA2032531808C00FEE1F1 /* PlayGameViewController.swift */,
				C5EAA2022531808C00FEE1F1 /* PlayGameViewModel.swift */,
				C5336B492530BC36001CE8C6 /* Router */,
				C5336B43253080D2001CE8C6 /* Assembly */,
				C5336B35253074E7001CE8C6 /* Views */,
				C5089D4D253035900074BE52 /* Model */,
				C5089D27253021450074BE52 /* Game */,
				C5089CE9252FFF980074BE52 /* AppDelegate */,
				C5089CE8252FFF4A0074BE52 /* Resources */,
				C5089CB9252FFCA90074BE52 /* Info.plist */,
			);
			path = WordGame;
			sourceTree = "<group>";
		};
		C5089CC1252FFCA90074BE52 /* WordGameTests */ = {
			isa = PBXGroup;
			children = (
				C51863202530EDD4001DA3A0 /* ViewModelTests */,
				C51863062530EBA1001DA3A0 /* Mock.generated.swift */,
				C5089CC4252FFCA90074BE52 /* Info.plist */,
				C594D37425318C4C00D4D873 /* WordsProviderTests.swift */,
				C594D3782531912900D4D873 /* GameTests.swift */,
			);
			path = WordGameTests;
			sourceTree = "<group>";
		};
		C5089CE8252FFF4A0074BE52 /* Resources */ = {
			isa = PBXGroup;
			children = (
				C5EAA1FC2531807700FEE1F1 /* Assets.xcassets */,
				C5EAA1FD2531807700FEE1F1 /* words.json */,
				C515114D2530D67D00FAC967 /* L10n.swift */,
				C51511482530D32200FAC967 /* Localizable.strings */,
			);
			path = Resources;
			sourceTree = "<group>";
		};
		C5089CE9252FFF980074BE52 /* AppDelegate */ = {
			isa = PBXGroup;
			children = (
				C5EAA1F62531806800FEE1F1 /* AppDelegate.swift */,
				C5EAA1F72531806800FEE1F1 /* SceneDelegate.swift */,
				C5336B3E2530807D001CE8C6 /* AppManager.swift */,
			);
			path = AppDelegate;
			sourceTree = "<group>";
		};
		C5089D27253021450074BE52 /* Game */ = {
			isa = PBXGroup;
			children = (
				C5EAA1EB2531805400FEE1F1 /* WordsLoader.swift */,
				C5EAA1EA2531805300FEE1F1 /* WordsProvider.swift */,
				C5089D28253021560074BE52 /* Game.swift */,
				C5089D5E25303D6B0074BE52 /* WordPair.swift */,
			);
			path = Game;
			sourceTree = "<group>";
		};
		C5089D4D253035900074BE52 /* Model */ = {
			isa = PBXGroup;
			children = (
				C5EAA1F22531805E00FEE1F1 /* Word.swift */,
			);
			path = Model;
			sourceTree = "<group>";
		};
		C515116A2530E6FA00FAC967 /* Frameworks */ = {
			isa = PBXGroup;
			children = (
				C51511722530E71300FAC967 /* XCTest.framework */,
			);
			name = Frameworks;
			sourceTree = "<group>";
		};
		C51863202530EDD4001DA3A0 /* ViewModelTests */ = {
			isa = PBXGroup;
			children = (
				C518632B2530EE05001DA3A0 /* PlayGameViewModelTests.swift */,
			);
			path = ViewModelTests;
			sourceTree = "<group>";
		};
		C5336B35253074E7001CE8C6 /* Views */ = {
			isa = PBXGroup;
			children = (
				C5336B3625307501001CE8C6 /* ActionButton.swift */,
			);
			path = Views;
			sourceTree = "<group>";
		};
		C5336B43253080D2001CE8C6 /* Assembly */ = {
			isa = PBXGroup;
			children = (
				C5336B44253080E1001CE8C6 /* AppAssembly.swift */,
			);
			path = Assembly;
			sourceTree = "<group>";
		};
		C5336B492530BC36001CE8C6 /* Router */ = {
			isa = PBXGroup;
			children = (
				C5336B4A2530BC49001CE8C6 /* ViewControllerType.swift */,
				C5336B4F2530BD30001CE8C6 /* BaseRouterType.swift */,
				C5336B542530BD96001CE8C6 /* AppRouter.swift */,
			);
			path = Router;
			sourceTree = "<group>";
		};
/* End PBXGroup section */

/* Begin PBXNativeTarget section */
		C5089CA7252FFCA50074BE52 /* WordGame */ = {
			isa = PBXNativeTarget;
			buildConfigurationList = C5089CD2252FFCA90074BE52 /* Build configuration list for PBXNativeTarget "WordGame" */;
			buildPhases = (
				C5089CA4252FFCA50074BE52 /* Sources */,
				C5089CA5252FFCA50074BE52 /* Frameworks */,
				C5089CA6252FFCA50074BE52 /* Resources */,
			);
			buildRules = (
			);
			dependencies = (
			);
			name = WordGame;
			packageProductDependencies = (
				C5089CDF252FFD3D0074BE52 /* RxSwift */,
				C5089CE1252FFD3D0074BE52 /* RxCocoa */,
				C5089CE3252FFD3D0074BE52 /* RxRelay */,
				C5089D0025300C0E0074BE52 /* Swinject */,
			);
			productName = WordGame;
			productReference = C5089CA8252FFCA50074BE52 /* WordGame.app */;
			productType = "com.apple.product-type.application";
		};
		C5089CBD252FFCA90074BE52 /* WordGameTests */ = {
			isa = PBXNativeTarget;
			buildConfigurationList = C5089CD5252FFCA90074BE52 /* Build configuration list for PBXNativeTarget "WordGameTests" */;
			buildPhases = (
				C5089CBA252FFCA90074BE52 /* Sources */,
				C5089CBB252FFCA90074BE52 /* Frameworks */,
				C5089CBC252FFCA90074BE52 /* Resources */,
			);
			buildRules = (
			);
			dependencies = (
				C5089CC0252FFCA90074BE52 /* PBXTargetDependency */,
			);
			name = WordGameTests;
			packageProductDependencies = (
				C51863012530EB82001DA3A0 /* SwiftyMocky */,
			);
			productName = WordGameTests;
			productReference = C5089CBE252FFCA90074BE52 /* WordGameTests.xctest */;
			productType = "com.apple.product-type.bundle.unit-test";
		};
/* End PBXNativeTarget section */

/* Begin PBXProject section */
		C5089CA0252FFCA50074BE52 /* Project object */ = {
			isa = PBXProject;
			attributes = {
				LastSwiftUpdateCheck = 1200;
				LastUpgradeCheck = 1200;
				TargetAttributes = {
					C5089CA7252FFCA50074BE52 = {
						CreatedOnToolsVersion = 12.0.1;
					};
					C5089CBD252FFCA90074BE52 = {
						CreatedOnToolsVersion = 12.0.1;
						TestTargetID = C5089CA7252FFCA50074BE52;
					};
				};
			};
			buildConfigurationList = C5089CA3252FFCA50074BE52 /* Build configuration list for PBXProject "WordGame" */;
			compatibilityVersion = "Xcode 9.3";
			developmentRegion = en;
			hasScannedForEncodings = 0;
			knownRegions = (
				en,
				Base,
			);
			mainGroup = C5089C9F252FFCA50074BE52;
			packageReferences = (
				C5089CDE252FFD3D0074BE52 /* XCRemoteSwiftPackageReference "RxSwift" */,
				C5089CFF25300C0E0074BE52 /* XCRemoteSwiftPackageReference "Swinject" */,
				C51863002530EB82001DA3A0 /* XCRemoteSwiftPackageReference "SwiftyMocky" */,
			);
			productRefGroup = C5089CA9252FFCA50074BE52 /* Products */;
			projectDirPath = "";
			projectRoot = "";
			targets = (
				C5089CA7252FFCA50074BE52 /* WordGame */,
				C5089CBD252FFCA90074BE52 /* WordGameTests */,
			);
		};
/* End PBXProject section */

/* Begin PBXResourcesBuildPhase section */
		C5089CA6252FFCA50074BE52 /* Resources */ = {
			isa = PBXResourcesBuildPhase;
			buildActionMask = 2147483647;
			files = (
				C51511492530D32200FAC967 /* Localizable.strings in Resources */,
				C5EAA2092531808C00FEE1F1 /* WordGame.storyboard in Resources */,
				C5EAA2082531808C00FEE1F1 /* LaunchScreen.storyboard in Resources */,
				C5EAA1FE2531807700FEE1F1 /* Assets.xcassets in Resources */,
				C5EAA1FF2531807700FEE1F1 /* words.json in Resources */,
			);
			runOnlyForDeploymentPostprocessing = 0;
		};
		C5089CBC252FFCA90074BE52 /* Resources */ = {
			isa = PBXResourcesBuildPhase;
			buildActionMask = 2147483647;
			files = (
			);
			runOnlyForDeploymentPostprocessing = 0;
		};
/* End PBXResourcesBuildPhase section */

/* Begin PBXSourcesBuildPhase section */
		C5089CA4252FFCA50074BE52 /* Sources */ = {
			isa = PBXSourcesBuildPhase;
			buildActionMask = 2147483647;
			files = (
				C515114E2530D67D00FAC967 /* L10n.swift in Sources */,
				C5EAA1F32531805E00FEE1F1 /* Word.swift in Sources */,
				C5EAA1F82531806900FEE1F1 /* AppDelegate.swift in Sources */,
				C5EAA1ED2531805400FEE1F1 /* WordsLoader.swift in Sources */,
				C5089D29253021560074BE52 /* Game.swift in Sources */,
				C5EAA1F92531806900FEE1F1 /* SceneDelegate.swift in Sources */,
				C5EAA2072531808C00FEE1F1 /* PlayGameViewController.swift in Sources */,
				C5EAA1EC2531805400FEE1F1 /* WordsProvider.swift in Sources */,
				C5089D5F25303D6B0074BE52 /* WordPair.swift in Sources */,
				C5336B3F2530807D001CE8C6 /* AppManager.swift in Sources */,
				C5336B552530BD96001CE8C6 /* AppRouter.swift in Sources */,
				C5336B45253080E1001CE8C6 /* AppAssembly.swift in Sources */,
				C5336B3725307501001CE8C6 /* ActionButton.swift in Sources */,
				C5EAA2062531808C00FEE1F1 /* PlayGameViewModel.swift in Sources */,
				C5336B4B2530BC49001CE8C6 /* ViewControllerType.swift in Sources */,
				C5336B502530BD30001CE8C6 /* BaseRouterType.swift in Sources */,
			);
			runOnlyForDeploymentPostprocessing = 0;
		};
		C5089CBA252FFCA90074BE52 /* Sources */ = {
			isa = PBXSourcesBuildPhase;
			buildActionMask = 2147483647;
			files = (
				C518632C2530EE05001DA3A0 /* PlayGameViewModelTests.swift in Sources */,
				C51863072530EBA1001DA3A0 /* Mock.generated.swift in Sources */,
				C594D37525318C4C00D4D873 /* WordsProviderTests.swift in Sources */,
				C594D3792531912900D4D873 /* GameTests.swift in Sources */,
			);
			runOnlyForDeploymentPostprocessing = 0;
		};
/* End PBXSourcesBuildPhase section */

/* Begin PBXTargetDependency section */
		C5089CC0252FFCA90074BE52 /* PBXTargetDependency */ = {
			isa = PBXTargetDependency;
			target = C5089CA7252FFCA50074BE52 /* WordGame */;
			targetProxy = C5089CBF252FFCA90074BE52 /* PBXContainerItemProxy */;
		};
/* End PBXTargetDependency section */

/* Begin XCBuildConfiguration section */
		C5089CD0252FFCA90074BE52 /* Debug */ = {
			isa = XCBuildConfiguration;
			buildSettings = {
				ALWAYS_SEARCH_USER_PATHS = NO;
				CLANG_ANALYZER_NONNULL = YES;
				CLANG_ANALYZER_NUMBER_OBJECT_CONVERSION = YES_AGGRESSIVE;
				CLANG_CXX_LANGUAGE_STANDARD = "gnu++14";
				CLANG_CXX_LIBRARY = "libc++";
				CLANG_ENABLE_MODULES = YES;
				CLANG_ENABLE_OBJC_ARC = YES;
				CLANG_ENABLE_OBJC_WEAK = YES;
				CLANG_WARN_BLOCK_CAPTURE_AUTORELEASING = YES;
				CLANG_WARN_BOOL_CONVERSION = YES;
				CLANG_WARN_COMMA = YES;
				CLANG_WARN_CONSTANT_CONVERSION = YES;
				CLANG_WARN_DEPRECATED_OBJC_IMPLEMENTATIONS = YES;
				CLANG_WARN_DIRECT_OBJC_ISA_USAGE = YES_ERROR;
				CLANG_WARN_DOCUMENTATION_COMMENTS = YES;
				CLANG_WARN_EMPTY_BODY = YES;
				CLANG_WARN_ENUM_CONVERSION = YES;
				CLANG_WARN_INFINITE_RECURSION = YES;
				CLANG_WARN_INT_CONVERSION = YES;
				CLANG_WARN_NON_LITERAL_NULL_CONVERSION = YES;
				CLANG_WARN_OBJC_IMPLICIT_RETAIN_SELF = YES;
				CLANG_WARN_OBJC_LITERAL_CONVERSION = YES;
				CLANG_WARN_OBJC_ROOT_CLASS = YES_ERROR;
				CLANG_WARN_QUOTED_INCLUDE_IN_FRAMEWORK_HEADER = YES;
				CLANG_WARN_RANGE_LOOP_ANALYSIS = YES;
				CLANG_WARN_STRICT_PROTOTYPES = YES;
				CLANG_WARN_SUSPICIOUS_MOVE = YES;
				CLANG_WARN_UNGUARDED_AVAILABILITY = YES_AGGRESSIVE;
				CLANG_WARN_UNREACHABLE_CODE = YES;
				CLANG_WARN__DUPLICATE_METHOD_MATCH = YES;
				COPY_PHASE_STRIP = NO;
				DEBUG_INFORMATION_FORMAT = dwarf;
				ENABLE_STRICT_OBJC_MSGSEND = YES;
				ENABLE_TESTABILITY = YES;
				GCC_C_LANGUAGE_STANDARD = gnu11;
				GCC_DYNAMIC_NO_PIC = NO;
				GCC_NO_COMMON_BLOCKS = YES;
				GCC_OPTIMIZATION_LEVEL = 0;
				GCC_PREPROCESSOR_DEFINITIONS = (
					"DEBUG=1",
					"$(inherited)",
				);
				GCC_WARN_64_TO_32_BIT_CONVERSION = YES;
				GCC_WARN_ABOUT_RETURN_TYPE = YES_ERROR;
				GCC_WARN_UNDECLARED_SELECTOR = YES;
				GCC_WARN_UNINITIALIZED_AUTOS = YES_AGGRESSIVE;
				GCC_WARN_UNUSED_FUNCTION = YES;
				GCC_WARN_UNUSED_VARIABLE = YES;
				IPHONEOS_DEPLOYMENT_TARGET = 14.0;
				MTL_ENABLE_DEBUG_INFO = INCLUDE_SOURCE;
				MTL_FAST_MATH = YES;
				ONLY_ACTIVE_ARCH = YES;
				SDKROOT = iphoneos;
				SWIFT_ACTIVE_COMPILATION_CONDITIONS = DEBUG;
				SWIFT_OPTIMIZATION_LEVEL = "-Onone";
			};
			name = Debug;
		};
		C5089CD1252FFCA90074BE52 /* Release */ = {
			isa = XCBuildConfiguration;
			buildSettings = {
				ALWAYS_SEARCH_USER_PATHS = NO;
				CLANG_ANALYZER_NONNULL = YES;
				CLANG_ANALYZER_NUMBER_OBJECT_CONVERSION = YES_AGGRESSIVE;
				CLANG_CXX_LANGUAGE_STANDARD = "gnu++14";
				CLANG_CXX_LIBRARY = "libc++";
				CLANG_ENABLE_MODULES = YES;
				CLANG_ENABLE_OBJC_ARC = YES;
				CLANG_ENABLE_OBJC_WEAK = YES;
				CLANG_WARN_BLOCK_CAPTURE_AUTORELEASING = YES;
				CLANG_WARN_BOOL_CONVERSION = YES;
				CLANG_WARN_COMMA = YES;
				CLANG_WARN_CONSTANT_CONVERSION = YES;
				CLANG_WARN_DEPRECATED_OBJC_IMPLEMENTATIONS = YES;
				CLANG_WARN_DIRECT_OBJC_ISA_USAGE = YES_ERROR;
				CLANG_WARN_DOCUMENTATION_COMMENTS = YES;
				CLANG_WARN_EMPTY_BODY = YES;
				CLANG_WARN_ENUM_CONVERSION = YES;
				CLANG_WARN_INFINITE_RECURSION = YES;
				CLANG_WARN_INT_CONVERSION = YES;
				CLANG_WARN_NON_LITERAL_NULL_CONVERSION = YES;
				CLANG_WARN_OBJC_IMPLICIT_RETAIN_SELF = YES;
				CLANG_WARN_OBJC_LITERAL_CONVERSION = YES;
				CLANG_WARN_OBJC_ROOT_CLASS = YES_ERROR;
				CLANG_WARN_QUOTED_INCLUDE_IN_FRAMEWORK_HEADER = YES;
				CLANG_WARN_RANGE_LOOP_ANALYSIS = YES;
				CLANG_WARN_STRICT_PROTOTYPES = YES;
				CLANG_WARN_SUSPICIOUS_MOVE = YES;
				CLANG_WARN_UNGUARDED_AVAILABILITY = YES_AGGRESSIVE;
				CLANG_WARN_UNREACHABLE_CODE = YES;
				CLANG_WARN__DUPLICATE_METHOD_MATCH = YES;
				COPY_PHASE_STRIP = NO;
				DEBUG_INFORMATION_FORMAT = "dwarf-with-dsym";
				ENABLE_NS_ASSERTIONS = NO;
				ENABLE_STRICT_OBJC_MSGSEND = YES;
				GCC_C_LANGUAGE_STANDARD = gnu11;
				GCC_NO_COMMON_BLOCKS = YES;
				GCC_WARN_64_TO_32_BIT_CONVERSION = YES;
				GCC_WARN_ABOUT_RETURN_TYPE = YES_ERROR;
				GCC_WARN_UNDECLARED_SELECTOR = YES;
				GCC_WARN_UNINITIALIZED_AUTOS = YES_AGGRESSIVE;
				GCC_WARN_UNUSED_FUNCTION = YES;
				GCC_WARN_UNUSED_VARIABLE = YES;
				IPHONEOS_DEPLOYMENT_TARGET = 14.0;
				MTL_ENABLE_DEBUG_INFO = NO;
				MTL_FAST_MATH = YES;
				SDKROOT = iphoneos;
				SWIFT_COMPILATION_MODE = wholemodule;
				SWIFT_OPTIMIZATION_LEVEL = "-O";
				VALIDATE_PRODUCT = YES;
			};
			name = Release;
		};
		C5089CD3252FFCA90074BE52 /* Debug */ = {
			isa = XCBuildConfiguration;
			buildSettings = {
				ASSETCATALOG_COMPILER_APPICON_NAME = AppIcon;
				ASSETCATALOG_COMPILER_GLOBAL_ACCENT_COLOR_NAME = AccentColor;
				CODE_SIGN_STYLE = Automatic;
				INFOPLIST_FILE = WordGame/Info.plist;
				LD_RUNPATH_SEARCH_PATHS = (
					"$(inherited)",
					"@executable_path/Frameworks",
				);
				PRODUCT_BUNDLE_IDENTIFIER = com.CodeChallenge.WordGame.WordGame;
				PRODUCT_NAME = "$(TARGET_NAME)";
				SWIFT_VERSION = 5.0;
				TARGETED_DEVICE_FAMILY = "1,2";
			};
			name = Debug;
		};
		C5089CD4252FFCA90074BE52 /* Release */ = {
			isa = XCBuildConfiguration;
			buildSettings = {
				ASSETCATALOG_COMPILER_APPICON_NAME = AppIcon;
				ASSETCATALOG_COMPILER_GLOBAL_ACCENT_COLOR_NAME = AccentColor;
				CODE_SIGN_STYLE = Automatic;
				INFOPLIST_FILE = WordGame/Info.plist;
				LD_RUNPATH_SEARCH_PATHS = (
					"$(inherited)",
					"@executable_path/Frameworks",
				);
				PRODUCT_BUNDLE_IDENTIFIER = com.CodeChallenge.WordGame.WordGame;
				PRODUCT_NAME = "$(TARGET_NAME)";
				SWIFT_VERSION = 5.0;
				TARGETED_DEVICE_FAMILY = "1,2";
			};
			name = Release;
		};
		C5089CD6252FFCA90074BE52 /* Debug */ = {
			isa = XCBuildConfiguration;
			buildSettings = {
				ALWAYS_EMBED_SWIFT_STANDARD_LIBRARIES = YES;
				BUNDLE_LOADER = "$(TEST_HOST)";
				CODE_SIGN_STYLE = Automatic;
				ENABLE_TESTING_SEARCH_PATHS = YES;
				INFOPLIST_FILE = WordGameTests/Info.plist;
				IPHONEOS_DEPLOYMENT_TARGET = 14.0;
				LD_RUNPATH_SEARCH_PATHS = (
					"$(inherited)",
					"@executable_path/Frameworks",
					"@loader_path/Frameworks",
				);
				PRODUCT_BUNDLE_IDENTIFIER = com.CodeChallenge.WordGame.WordGameTests;
				PRODUCT_NAME = "$(TARGET_NAME)";
				SWIFT_VERSION = 5.0;
				TARGETED_DEVICE_FAMILY = "1,2";
				TEST_HOST = "$(BUILT_PRODUCTS_DIR)/WordGame.app/WordGame";
			};
			name = Debug;
		};
		C5089CD7252FFCA90074BE52 /* Release */ = {
			isa = XCBuildConfiguration;
			buildSettings = {
				ALWAYS_EMBED_SWIFT_STANDARD_LIBRARIES = YES;
				BUNDLE_LOADER = "$(TEST_HOST)";
				CODE_SIGN_STYLE = Automatic;
				ENABLE_TESTING_SEARCH_PATHS = YES;
				INFOPLIST_FILE = WordGameTests/Info.plist;
				IPHONEOS_DEPLOYMENT_TARGET = 14.0;
				LD_RUNPATH_SEARCH_PATHS = (
					"$(inherited)",
					"@executable_path/Frameworks",
					"@loader_path/Frameworks",
				);
				PRODUCT_BUNDLE_IDENTIFIER = com.CodeChallenge.WordGame.WordGameTests;
				PRODUCT_NAME = "$(TARGET_NAME)";
				SWIFT_VERSION = 5.0;
				TARGETED_DEVICE_FAMILY = "1,2";
				TEST_HOST = "$(BUILT_PRODUCTS_DIR)/WordGame.app/WordGame";
			};
			name = Release;
		};
/* End XCBuildConfiguration section */

/* Begin XCConfigurationList section */
		C5089CA3252FFCA50074BE52 /* Build configuration list for PBXProject "WordGame" */ = {
			isa = XCConfigurationList;
			buildConfigurations = (
				C5089CD0252FFCA90074BE52 /* Debug */,
				C5089CD1252FFCA90074BE52 /* Release */,
			);
			defaultConfigurationIsVisible = 0;
			defaultConfigurationName = Release;
		};
		C5089CD2252FFCA90074BE52 /* Build configuration list for PBXNativeTarget "WordGame" */ = {
			isa = XCConfigurationList;
			buildConfigurations = (
				C5089CD3252FFCA90074BE52 /* Debug */,
				C5089CD4252FFCA90074BE52 /* Release */,
			);
			defaultConfigurationIsVisible = 0;
			defaultConfigurationName = Release;
		};
		C5089CD5252FFCA90074BE52 /* Build configuration list for PBXNativeTarget "WordGameTests" */ = {
			isa = XCConfigurationList;
			buildConfigurations = (
				C5089CD6252FFCA90074BE52 /* Debug */,
				C5089CD7252FFCA90074BE52 /* Release */,
			);
			defaultConfigurationIsVisible = 0;
			defaultConfigurationName = Release;
		};
/* End XCConfigurationList section */

/* Begin XCRemoteSwiftPackageReference section */
		C5089CDE252FFD3D0074BE52 /* XCRemoteSwiftPackageReference "RxSwift" */ = {
			isa = XCRemoteSwiftPackageReference;
			repositoryURL = "https://github.com/ReactiveX/RxSwift.git";
			requirement = {
				kind = upToNextMajorVersion;
				minimumVersion = 5.1.1;
			};
		};
		C5089CFF25300C0E0074BE52 /* XCRemoteSwiftPackageReference "Swinject" */ = {
			isa = XCRemoteSwiftPackageReference;
			repositoryURL = "https://github.com/Swinject/Swinject.git";
			requirement = {
				kind = upToNextMajorVersion;
				minimumVersion = 2.7.1;
			};
		};
		C51863002530EB82001DA3A0 /* XCRemoteSwiftPackageReference "SwiftyMocky" */ = {
			isa = XCRemoteSwiftPackageReference;
			repositoryURL = "https://github.com/MakeAWishFoundation/SwiftyMocky";
			requirement = {
				kind = upToNextMajorVersion;
				minimumVersion = 4.0.1;
			};
		};
/* End XCRemoteSwiftPackageReference section */

/* Begin XCSwiftPackageProductDependency section */
		C5089CDF252FFD3D0074BE52 /* RxSwift */ = {
			isa = XCSwiftPackageProductDependency;
			package = C5089CDE252FFD3D0074BE52 /* XCRemoteSwiftPackageReference "RxSwift" */;
			productName = RxSwift;
		};
		C5089CE1252FFD3D0074BE52 /* RxCocoa */ = {
			isa = XCSwiftPackageProductDependency;
			package = C5089CDE252FFD3D0074BE52 /* XCRemoteSwiftPackageReference "RxSwift" */;
			productName = RxCocoa;
		};
		C5089CE3252FFD3D0074BE52 /* RxRelay */ = {
			isa = XCSwiftPackageProductDependency;
			package = C5089CDE252FFD3D0074BE52 /* XCRemoteSwiftPackageReference "RxSwift" */;
			productName = RxRelay;
		};
		C5089D0025300C0E0074BE52 /* Swinject */ = {
			isa = XCSwiftPackageProductDependency;
			package = C5089CFF25300C0E0074BE52 /* XCRemoteSwiftPackageReference "Swinject" */;
			productName = Swinject;
		};
		C51863012530EB82001DA3A0 /* SwiftyMocky */ = {
			isa = XCSwiftPackageProductDependency;
			package = C51863002530EB82001DA3A0 /* XCRemoteSwiftPackageReference "SwiftyMocky" */;
			productName = SwiftyMocky;
		};
/* End XCSwiftPackageProductDependency section */
	};
	rootObject = C5089CA0252FFCA50074BE52 /* Project object */;
}
